
Microsoft Visual Studio Solution File, Format Version 12.00
# Visual Studio Version 17
VisualStudioVersion = 17.11.35017.193
MinimumVisualStudioVersion = 10.0.40219.1
Project("{FAE04EC0-301F-11D3-BF4B-00C04F79EFBC}") = "WebQLLuongNV", "WebQLLuongNV\WebQLLuongNV.csproj", "{5F50EFB5-4B6E-4DAF-8AF9-32C33BD55AA9}"
EndProject
Global
	GlobalSection(SolutionConfigurationPlatforms) = preSolution
		Debug|Any CPU = Debug|Any CPU
		Release|Any CPU = Release|Any CPU
	EndGlobalSection
	GlobalSection(ProjectConfigurationPlatforms) = postSolution
		{5F50EFB5-4B6E-4DAF-8AF9-32C33BD55AA9}.Debug|Any CPU.ActiveCfg = Debug|Any CPU
		{5F50EFB5-4B6E-4DAF-8AF9-32C33BD55AA9}.Debug|Any CPU.Build.0 = Debug|Any CPU
		{5F50EFB5-4B6E-4DAF-8AF9-32C33BD55AA9}.Release|Any CPU.ActiveCfg = Release|Any CPU
		{5F50EFB5-4B6E-4DAF-8AF9-32C33BD55AA9}.Release|Any CPU.Build.0 = Release|Any CPU
	EndGlobalSection
	GlobalSection(SolutionProperties) = preSolution
		HideSolutionNode = FALSE
	EndGlobalSection
	GlobalSection(ExtensibilityGlobals) = postSolution
		SolutionGuid = {96CE69F2-6DE9-4FA2-B0B4-2B3BD7592704}
	EndGlobalSection
EndGlobal
